// !$*UTF8*$!
{
	archiveVersion = 1;
	classes = {
	};
	objectVersion = 56;
	objects = {

/* Begin PBXBuildFile section */
		56B3CDC429A0C90300CDCCB7 /* testingthegithubApp.swift in Sources */ = {isa = PBXBuildFile; fileRef = 56B3CDC329A0C90300CDCCB7 /* testingthegithubApp.swift */; };
		56B3CDC629A0C90300CDCCB7 /* ContentView.swift in Sources */ = {isa = PBXBuildFile; fileRef = 56B3CDC529A0C90300CDCCB7 /* ContentView.swift */; };
		56B3CDC829A0C90400CDCCB7 /* Assets.xcassets in Resources */ = {isa = PBXBuildFile; fileRef = 56B3CDC729A0C90400CDCCB7 /* Assets.xcassets */; };
		56B3CDCB29A0C90400CDCCB7 /* Preview Assets.xcassets in Resources */ = {isa = PBXBuildFile; fileRef = 56B3CDCA29A0C90400CDCCB7 /* Preview Assets.xcassets */; };
		56B3CDD529A0C90400CDCCB7 /* testingthegithubTests.swift in Sources */ = {isa = PBXBuildFile; fileRef = 56B3CDD429A0C90400CDCCB7 /* testingthegithubTests.swift */; };
		56B3CDDF29A0C90400CDCCB7 /* testingthegithubUITests.swift in Sources */ = {isa = PBXBuildFile; fileRef = 56B3CDDE29A0C90400CDCCB7 /* testingthegithubUITests.swift */; };
		56B3CDE129A0C90400CDCCB7 /* testingthegithubUITestsLaunchTests.swift in Sources */ = {isa = PBXBuildFile; fileRef = 56B3CDE029A0C90400CDCCB7 /* testingthegithubUITestsLaunchTests.swift */; };
/* End PBXBuildFile section */

/* Begin PBXContainerItemProxy section */
		56B3CDD129A0C90400CDCCB7 /* PBXContainerItemProxy */ = {
			isa = PBXContainerItemProxy;
			containerPortal = 56B3CDB829A0C90300CDCCB7 /* Project object */;
			proxyType = 1;
			remoteGlobalIDString = 56B3CDBF29A0C90300CDCCB7;
			remoteInfo = testingthegithub;
		};
		56B3CDDB29A0C90400CDCCB7 /* PBXContainerItemProxy */ = {
			isa = PBXContainerItemProxy;
			containerPortal = 56B3CDB829A0C90300CDCCB7 /* Project object */;
			proxyType = 1;
			remoteGlobalIDString = 56B3CDBF29A0C90300CDCCB7;
			remoteInfo = testingthegithub;
		};
/* End PBXContainerItemProxy section */

/* Begin PBXFileReference section */
		56B3CDC029A0C90300CDCCB7 /* testingthegithub.app */ = {isa = PBXFileReference; explicitFileType = wrapper.application; includeInIndex = 0; path = testingthegithub.app; sourceTree = BUILT_PRODUCTS_DIR; };
		56B3CDC329A0C90300CDCCB7 /* testingthegithubApp.swift */ = {isa = PBXFileReference; lastKnownFileType = sourcecode.swift; path = testingthegithubApp.swift; sourceTree = "<group>"; };
		56B3CDC529A0C90300CDCCB7 /* ContentView.swift */ = {isa = PBXFileReference; lastKnownFileType = sourcecode.swift; path = ContentView.swift; sourceTree = "<group>"; };
		56B3CDC729A0C90400CDCCB7 /* Assets.xcassets */ = {isa = PBXFileReference; lastKnownFileType = folder.assetcatalog; path = Assets.xcassets; sourceTree = "<group>"; };
		56B3CDCA29A0C90400CDCCB7 /* Preview Assets.xcassets */ = {isa = PBXFileReference; lastKnownFileType = folder.assetcatalog; path = "Preview Assets.xcassets"; sourceTree = "<group>"; };
		56B3CDD029A0C90400CDCCB7 /* testingthegithubTests.xctest */ = {isa = PBXFileReference; explicitFileType = wrapper.cfbundle; includeInIndex = 0; path = testingthegithubTests.xctest; sourceTree = BUILT_PRODUCTS_DIR; };
		56B3CDD429A0C90400CDCCB7 /* testingthegithubTests.swift */ = {isa = PBXFileReference; lastKnownFileType = sourcecode.swift; path = testingthegithubTests.swift; sourceTree = "<group>"; };
		56B3CDDA29A0C90400CDCCB7 /* testingthegithubUITests.xctest */ = {isa = PBXFileReference; explicitFileType = wrapper.cfbundle; includeInIndex = 0; path = testingthegithubUITests.xctest; sourceTree = BUILT_PRODUCTS_DIR; };
		56B3CDDE29A0C90400CDCCB7 /* testingthegithubUITests.swift */ = {isa = PBXFileReference; lastKnownFileType = sourcecode.swift; path = testingthegithubUITests.swift; sourceTree = "<group>"; };
		56B3CDE029A0C90400CDCCB7 /* testingthegithubUITestsLaunchTests.swift */ = {isa = PBXFileReference; lastKnownFileType = sourcecode.swift; path = testingthegithubUITestsLaunchTests.swift; sourceTree = "<group>"; };
/* End PBXFileReference section */

/* Begin PBXFrameworksBuildPhase section */
		56B3CDBD29A0C90300CDCCB7 /* Frameworks */ = {
			isa = PBXFrameworksBuildPhase;
			buildActionMask = 2147483647;
			files = (
			);
			runOnlyForDeploymentPostprocessing = 0;
		};
		56B3CDCD29A0C90400CDCCB7 /* Frameworks */ = {
			isa = PBXFrameworksBuildPhase;
			buildActionMask = 2147483647;
			files = (
			);
			runOnlyForDeploymentPostprocessing = 0;
		};
		56B3CDD729A0C90400CDCCB7 /* Frameworks */ = {
			isa = PBXFrameworksBuildPhase;
			buildActionMask = 2147483647;
			files = (
			);
			runOnlyForDeploymentPostprocessing = 0;
		};
/* End PBXFrameworksBuildPhase section */

/* Begin PBXGroup section */
		56B3CDB729A0C90300CDCCB7 = {
			isa = PBXGroup;
			children = (
				56B3CDC229A0C90300CDCCB7 /* testingthegithub */,
				56B3CDD329A0C90400CDCCB7 /* testingthegithubTests */,
				56B3CDDD29A0C90400CDCCB7 /* testingthegithubUITests */,
				56B3CDC129A0C90300CDCCB7 /* Products */,
			);
			sourceTree = "<group>";
		};
		56B3CDC129A0C90300CDCCB7 /* Products */ = {
			isa = PBXGroup;
			children = (
				56B3CDC029A0C90300CDCCB7 /* testingthegithub.app */,
				56B3CDD029A0C90400CDCCB7 /* testingthegithubTests.xctest */,
				56B3CDDA29A0C90400CDCCB7 /* testingthegithubUITests.xctest */,
			);
			name = Products;
			sourceTree = "<group>";
		};
		56B3CDC229A0C90300CDCCB7 /* testingthegithub */ = {
			isa = PBXGroup;
			children = (
				56B3CDC329A0C90300CDCCB7 /* testingthegithubApp.swift */,
				56B3CDC529A0C90300CDCCB7 /* ContentView.swift */,
				56B3CDC729A0C90400CDCCB7 /* Assets.xcassets */,
				56B3CDC929A0C90400CDCCB7 /* Preview Content */,
			);
			path = testingthegithub;
			sourceTree = "<group>";
		};
		56B3CDC929A0C90400CDCCB7 /* Preview Content */ = {
			isa = PBXGroup;
			children = (
				56B3CDCA29A0C90400CDCCB7 /* Preview Assets.xcassets */,
			);
			path = "Preview Content";
			sourceTree = "<group>";
		};
		56B3CDD329A0C90400CDCCB7 /* testingthegithubTests */ = {
			isa = PBXGroup;
			children = (
				56B3CDD429A0C90400CDCCB7 /* testingthegithubTests.swift */,
			);
			path = testingthegithubTests;
			sourceTree = "<group>";
		};
		56B3CDDD29A0C90400CDCCB7 /* testingthegithubUITests */ = {
			isa = PBXGroup;
			children = (
				56B3CDDE29A0C90400CDCCB7 /* testingthegithubUITests.swift */,
				56B3CDE029A0C90400CDCCB7 /* testingthegithubUITestsLaunchTests.swift */,
			);
			path = testingthegithubUITests;
			sourceTree = "<group>";
		};
/* End PBXGroup section */

/* Begin PBXNativeTarget section */
		56B3CDBF29A0C90300CDCCB7 /* testingthegithub */ = {
			isa = PBXNativeTarget;
			buildConfigurationList = 56B3CDE429A0C90400CDCCB7 /* Build configuration list for PBXNativeTarget "testingthegithub" */;
			buildPhases = (
				56B3CDBC29A0C90300CDCCB7 /* Sources */,
				56B3CDBD29A0C90300CDCCB7 /* Frameworks */,
				56B3CDBE29A0C90300CDCCB7 /* Resources */,
			);
			buildRules = (
			);
			dependencies = (
			);
			name = testingthegithub;
			productName = testingthegithub;
			productReference = 56B3CDC029A0C90300CDCCB7 /* testingthegithub.app */;
			productType = "com.apple.product-type.application";
		};
		56B3CDCF29A0C90400CDCCB7 /* testingthegithubTests */ = {
			isa = PBXNativeTarget;
			buildConfigurationList = 56B3CDE729A0C90400CDCCB7 /* Build configuration list for PBXNativeTarget "testingthegithubTests" */;
			buildPhases = (
				56B3CDCC29A0C90400CDCCB7 /* Sources */,
				56B3CDCD29A0C90400CDCCB7 /* Frameworks */,
				56B3CDCE29A0C90400CDCCB7 /* Resources */,
			);
			buildRules = (
			);
			dependencies = (
				56B3CDD229A0C90400CDCCB7 /* PBXTargetDependency */,
			);
			name = testingthegithubTests;
			productName = testingthegithubTests;
			productReference = 56B3CDD029A0C90400CDCCB7 /* testingthegithubTests.xctest */;
			productType = "com.apple.product-type.bundle.unit-test";
		};
		56B3CDD929A0C90400CDCCB7 /* testingthegithubUITests */ = {
			isa = PBXNativeTarget;
			buildConfigurationList = 56B3CDEA29A0C90400CDCCB7 /* Build configuration list for PBXNativeTarget "testingthegithubUITests" */;
			buildPhases = (
				56B3CDD629A0C90400CDCCB7 /* Sources */,
				56B3CDD729A0C90400CDCCB7 /* Frameworks */,
				56B3CDD829A0C90400CDCCB7 /* Resources */,
			);
			buildRules = (
			);
			dependencies = (
				56B3CDDC29A0C90400CDCCB7 /* PBXTargetDependency */,
			);
			name = testingthegithubUITests;
			productName = testingthegithubUITests;
			productReference = 56B3CDDA29A0C90400CDCCB7 /* testingthegithubUITests.xctest */;
			productType = "com.apple.product-type.bundle.ui-testing";
		};
/* End PBXNativeTarget section */

/* Begin PBXProject section */
		56B3CDB829A0C90300CDCCB7 /* Project object */ = {
			isa = PBXProject;
			attributes = {
				BuildIndependentTargetsInParallel = 1;
				LastSwiftUpdateCheck = 1420;
				LastUpgradeCheck = 1420;
				TargetAttributes = {
					56B3CDBF29A0C90300CDCCB7 = {
						CreatedOnToolsVersion = 14.2;
					};
					56B3CDCF29A0C90400CDCCB7 = {
						CreatedOnToolsVersion = 14.2;
						TestTargetID = 56B3CDBF29A0C90300CDCCB7;
					};
					56B3CDD929A0C90400CDCCB7 = {
						CreatedOnToolsVersion = 14.2;
						TestTargetID = 56B3CDBF29A0C90300CDCCB7;
					};
				};
			};
			buildConfigurationList = 56B3CDBB29A0C90300CDCCB7 /* Build configuration list for PBXProject "testingthegithub" */;
			compatibilityVersion = "Xcode 14.0";
			developmentRegion = en;
			hasScannedForEncodings = 0;
			knownRegions = (
				en,
				Base,
			);
			mainGroup = 56B3CDB729A0C90300CDCCB7;
			productRefGroup = 56B3CDC129A0C90300CDCCB7 /* Products */;
			projectDirPath = "";
			projectRoot = "";
			targets = (
				56B3CDBF29A0C90300CDCCB7 /* testingthegithub */,
				56B3CDCF29A0C90400CDCCB7 /* testingthegithubTests */,
				56B3CDD929A0C90400CDCCB7 /* testingthegithubUITests */,
			);
		};
/* End PBXProject section */

/* Begin PBXResourcesBuildPhase section */
		56B3CDBE29A0C90300CDCCB7 /* Resources */ = {
			isa = PBXResourcesBuildPhase;
			buildActionMask = 2147483647;
			files = (
				56B3CDCB29A0C90400CDCCB7 /* Preview Assets.xcassets in Resources */,
				56B3CDC829A0C90400CDCCB7 /* Assets.xcassets in Resources */,
			);
			runOnlyForDeploymentPostprocessing = 0;
		};
		56B3CDCE29A0C90400CDCCB7 /* Resources */ = {
			isa = PBXResourcesBuildPhase;
			buildActionMask = 2147483647;
			files = (
			);
			runOnlyForDeploymentPostprocessing = 0;
		};
		56B3CDD829A0C90400CDCCB7 /* Resources */ = {
			isa = PBXResourcesBuildPhase;
			buildActionMask = 2147483647;
			files = (
			);
			runOnlyForDeploymentPostprocessing = 0;
		};
/* End PBXResourcesBuildPhase section */

/* Begin PBXSourcesBuildPhase section */
		56B3CDBC29A0C90300CDCCB7 /* Sources */ = {
			isa = PBXSourcesBuildPhase;
			buildActionMask = 2147483647;
			files = (
				56B3CDC629A0C90300CDCCB7 /* ContentView.swift in Sources */,
				56B3CDC429A0C90300CDCCB7 /* testingthegithubApp.swift in Sources */,
			);
			runOnlyForDeploymentPostprocessing = 0;
		};
		56B3CDCC29A0C90400CDCCB7 /* Sources */ = {
			isa = PBXSourcesBuildPhase;
			buildActionMask = 2147483647;
			files = (
				56B3CDD529A0C90400CDCCB7 /* testingthegithubTests.swift in Sources */,
			);
			runOnlyForDeploymentPostprocessing = 0;
		};
		56B3CDD629A0C90400CDCCB7 /* Sources */ = {
			isa = PBXSourcesBuildPhase;
			buildActionMask = 2147483647;
			files = (
				56B3CDE129A0C90400CDCCB7 /* testingthegithubUITestsLaunchTests.swift in Sources */,
				56B3CDDF29A0C90400CDCCB7 /* testingthegithubUITests.swift in Sources */,
			);
			runOnlyForDeploymentPostprocessing = 0;
		};
/* End PBXSourcesBuildPhase section */

/* Begin PBXTargetDependency section */
		56B3CDD229A0C90400CDCCB7 /* PBXTargetDependency */ = {
			isa = PBXTargetDependency;
			target = 56B3CDBF29A0C90300CDCCB7 /* testingthegithub */;
			targetProxy = 56B3CDD129A0C90400CDCCB7 /* PBXContainerItemProxy */;
		};
		56B3CDDC29A0C90400CDCCB7 /* PBXTargetDependency */ = {
			isa = PBXTargetDependency;
			target = 56B3CDBF29A0C90300CDCCB7 /* testingthegithub */;
			targetProxy = 56B3CDDB29A0C90400CDCCB7 /* PBXContainerItemProxy */;
		};
/* End PBXTargetDependency section */

/* Begin XCBuildConfiguration section */
		56B3CDE229A0C90400CDCCB7 /* Debug */ = {
			isa = XCBuildConfiguration;
			buildSettings = {
				ALWAYS_SEARCH_USER_PATHS = NO;
				CLANG_ANALYZER_NONNULL = YES;
				CLANG_ANALYZER_NUMBER_OBJECT_CONVERSION = YES_AGGRESSIVE;
				CLANG_CXX_LANGUAGE_STANDARD = "gnu++20";
				CLANG_ENABLE_MODULES = YES;
				CLANG_ENABLE_OBJC_ARC = YES;
				CLANG_ENABLE_OBJC_WEAK = YES;
				CLANG_WARN_BLOCK_CAPTURE_AUTORELEASING = YES;
				CLANG_WARN_BOOL_CONVERSION = YES;
				CLANG_WARN_COMMA = YES;
				CLANG_WARN_CONSTANT_CONVERSION = YES;
				CLANG_WARN_DEPRECATED_OBJC_IMPLEMENTATIONS = YES;
				CLANG_WARN_DIRECT_OBJC_ISA_USAGE = YES_ERROR;
				CLANG_WARN_DOCUMENTATION_COMMENTS = YES;
				CLANG_WARN_EMPTY_BODY = YES;
				CLANG_WARN_ENUM_CONVERSION = YES;
				CLANG_WARN_INFINITE_RECURSION = YES;
				CLANG_WARN_INT_CONVERSION = YES;
				CLANG_WARN_NON_LITERAL_NULL_CONVERSION = YES;
				CLANG_WARN_OBJC_IMPLICIT_RETAIN_SELF = YES;
				CLANG_WARN_OBJC_LITERAL_CONVERSION = YES;
				CLANG_WARN_OBJC_ROOT_CLASS = YES_ERROR;
				CLANG_WARN_QUOTED_INCLUDE_IN_FRAMEWORK_HEADER = YES;
				CLANG_WARN_RANGE_LOOP_ANALYSIS = YES;
				CLANG_WARN_STRICT_PROTOTYPES = YES;
				CLANG_WARN_SUSPICIOUS_MOVE = YES;
				CLANG_WARN_UNGUARDED_AVAILABILITY = YES_AGGRESSIVE;
				CLANG_WARN_UNREACHABLE_CODE = YES;
				CLANG_WARN__DUPLICATE_METHOD_MATCH = YES;
				COPY_PHASE_STRIP = NO;
				DEBUG_INFORMATION_FORMAT = dwarf;
				ENABLE_STRICT_OBJC_MSGSEND = YES;
				ENABLE_TESTABILITY = YES;
				GCC_C_LANGUAGE_STANDARD = gnu11;
				GCC_DYNAMIC_NO_PIC = NO;
				GCC_NO_COMMON_BLOCKS = YES;
				GCC_OPTIMIZATION_LEVEL = 0;
				GCC_PREPROCESSOR_DEFINITIONS = (
					"DEBUG=1",
					"$(inherited)",
				);
				GCC_WARN_64_TO_32_BIT_CONVERSION = YES;
				GCC_WARN_ABOUT_RETURN_TYPE = YES_ERROR;
				GCC_WARN_UNDECLARED_SELECTOR = YES;
				GCC_WARN_UNINITIALIZED_AUTOS = YES_AGGRESSIVE;
				GCC_WARN_UNUSED_FUNCTION = YES;
				GCC_WARN_UNUSED_VARIABLE = YES;
				IPHONEOS_DEPLOYMENT_TARGET = 16.2;
				MTL_ENABLE_DEBUG_INFO = INCLUDE_SOURCE;
				MTL_FAST_MATH = YES;
				ONLY_ACTIVE_ARCH = YES;
				SDKROOT = iphoneos;
				SWIFT_ACTIVE_COMPILATION_CONDITIONS = DEBUG;
				SWIFT_OPTIMIZATION_LEVEL = "-Onone";
			};
			name = Debug;
		};
		56B3CDE329A0C90400CDCCB7 /* Release */ = {
			isa = XCBuildConfiguration;
			buildSettings = {
				ALWAYS_SEARCH_USER_PATHS = NO;
				CLANG_ANALYZER_NONNULL = YES;
				CLANG_ANALYZER_NUMBER_OBJECT_CONVERSION = YES_AGGRESSIVE;
				CLANG_CXX_LANGUAGE_STANDARD = "gnu++20";
				CLANG_ENABLE_MODULES = YES;
				CLANG_ENABLE_OBJC_ARC = YES;
				CLANG_ENABLE_OBJC_WEAK = YES;
				CLANG_WARN_BLOCK_CAPTURE_AUTORELEASING = YES;
				CLANG_WARN_BOOL_CONVERSION = YES;
				CLANG_WARN_COMMA = YES;
				CLANG_WARN_CONSTANT_CONVERSION = YES;
				CLANG_WARN_DEPRECATED_OBJC_IMPLEMENTATIONS = YES;
				CLANG_WARN_DIRECT_OBJC_ISA_USAGE = YES_ERROR;
				CLANG_WARN_DOCUMENTATION_COMMENTS = YES;
				CLANG_WARN_EMPTY_BODY = YES;
				CLANG_WARN_ENUM_CONVERSION = YES;
				CLANG_WARN_INFINITE_RECURSION = YES;
				CLANG_WARN_INT_CONVERSION = YES;
				CLANG_WARN_NON_LITERAL_NULL_CONVERSION = YES;
				CLANG_WARN_OBJC_IMPLICIT_RETAIN_SELF = YES;
				CLANG_WARN_OBJC_LITERAL_CONVERSION = YES;
				CLANG_WARN_OBJC_ROOT_CLASS = YES_ERROR;
				CLANG_WARN_QUOTED_INCLUDE_IN_FRAMEWORK_HEADER = YES;
				CLANG_WARN_RANGE_LOOP_ANALYSIS = YES;
				CLANG_WARN_STRICT_PROTOTYPES = YES;
				CLANG_WARN_SUSPICIOUS_MOVE = YES;
				CLANG_WARN_UNGUARDED_AVAILABILITY = YES_AGGRESSIVE;
				CLANG_WARN_UNREACHABLE_CODE = YES;
				CLANG_WARN__DUPLICATE_METHOD_MATCH = YES;
				COPY_PHASE_STRIP = NO;
				DEBUG_INFORMATION_FORMAT = "dwarf-with-dsym";
				ENABLE_NS_ASSERTIONS = NO;
				ENABLE_STRICT_OBJC_MSGSEND = YES;
				GCC_C_LANGUAGE_STANDARD = gnu11;
				GCC_NO_COMMON_BLOCKS = YES;
				GCC_WARN_64_TO_32_BIT_CONVERSION = YES;
				GCC_WARN_ABOUT_RETURN_TYPE = YES_ERROR;
				GCC_WARN_UNDECLARED_SELECTOR = YES;
				GCC_WARN_UNINITIALIZED_AUTOS = YES_AGGRESSIVE;
				GCC_WARN_UNUSED_FUNCTION = YES;
				GCC_WARN_UNUSED_VARIABLE = YES;
				IPHONEOS_DEPLOYMENT_TARGET = 16.2;
				MTL_ENABLE_DEBUG_INFO = NO;
				MTL_FAST_MATH = YES;
				SDKROOT = iphoneos;
				SWIFT_COMPILATION_MODE = wholemodule;
				SWIFT_OPTIMIZATION_LEVEL = "-O";
				VALIDATE_PRODUCT = YES;
			};
			name = Release;
		};
		56B3CDE529A0C90400CDCCB7 /* Debug */ = {
			isa = XCBuildConfiguration;
			buildSettings = {
				ASSETCATALOG_COMPILER_APPICON_NAME = AppIcon;
				ASSETCATALOG_COMPILER_GLOBAL_ACCENT_COLOR_NAME = AccentColor;
				CODE_SIGN_STYLE = Automatic;
				CURRENT_PROJECT_VERSION = 1;
				DEVELOPMENT_ASSET_PATHS = "\"testingthegithub/Preview Content\"";
				DEVELOPMENT_TEAM = 589VP9G8J8;
				ENABLE_PREVIEWS = YES;
				GENERATE_INFOPLIST_FILE = YES;
				INFOPLIST_KEY_UIApplicationSceneManifest_Generation = YES;
				INFOPLIST_KEY_UIApplicationSupportsIndirectInputEvents = YES;
				INFOPLIST_KEY_UILaunchScreen_Generation = YES;
				INFOPLIST_KEY_UISupportedInterfaceOrientations_iPad = "UIInterfaceOrientationPortrait UIInterfaceOrientationPortraitUpsideDown UIInterfaceOrientationLandscapeLeft UIInterfaceOrientationLandscapeRight";
				INFOPLIST_KEY_UISupportedInterfaceOrientations_iPhone = "UIInterfaceOrientationPortrait UIInterfaceOrientationLandscapeLeft UIInterfaceOrientationLandscapeRight";
				LD_RUNPATH_SEARCH_PATHS = (
					"$(inherited)",
					"@executable_path/Frameworks",
				);
				MARKETING_VERSION = 1.0;
				PRODUCT_BUNDLE_IDENTIFIER = "com.product-creation-services.testingthegithub";
				PRODUCT_NAME = "$(TARGET_NAME)";
				SWIFT_EMIT_LOC_STRINGS = YES;
				SWIFT_VERSION = 5.0;
				TARGETED_DEVICE_FAMILY = "1,2";
			};
			name = Debug;
		};
		56B3CDE629A0C90400CDCCB7 /* Release */ = {
			isa = XCBuildConfiguration;
			buildSettings = {
				ASSETCATALOG_COMPILER_APPICON_NAME = AppIcon;
				ASSETCATALOG_COMPILER_GLOBAL_ACCENT_COLOR_NAME = AccentColor;
				CODE_SIGN_STYLE = Automatic;
				CURRENT_PROJECT_VERSION = 1;
				DEVELOPMENT_ASSET_PATHS = "\"testingthegithub/Preview Content\"";
				DEVELOPMENT_TEAM = 589VP9G8J8;
				ENABLE_PREVIEWS = YES;
				GENERATE_INFOPLIST_FILE = YES;
				INFOPLIST_KEY_UIApplicationSceneManifest_Generation = YES;
				INFOPLIST_KEY_UIApplicationSupportsIndirectInputEvents = YES;
				INFOPLIST_KEY_UILaunchScreen_Generation = YES;
				INFOPLIST_KEY_UISupportedInterfaceOrientations_iPad = "UIInterfaceOrientationPortrait UIInterfaceOrientationPortraitUpsideDown UIInterfaceOrientationLandscapeLeft UIInterfaceOrientationLandscapeRight";
				INFOPLIST_KEY_UISupportedInterfaceOrientations_iPhone = "UIInterfaceOrientationPortrait UIInterfaceOrientationLandscapeLeft UIInterfaceOrientationLandscapeRight";
				LD_RUNPATH_SEARCH_PATHS = (
					"$(inherited)",
					"@executable_path/Frameworks",
				);
				MARKETING_VERSION = 1.0;
				PRODUCT_BUNDLE_IDENTIFIER = "com.product-creation-services.testingthegithub";
				PRODUCT_NAME = "$(TARGET_NAME)";
				SWIFT_EMIT_LOC_STRINGS = YES;
				SWIFT_VERSION = 5.0;
				TARGETED_DEVICE_FAMILY = "1,2";
			};
			name = Release;
		};
		56B3CDE829A0C90400CDCCB7 /* Debug */ = {
			isa = XCBuildConfiguration;
			buildSettings = {
				ALWAYS_EMBED_SWIFT_STANDARD_LIBRARIES = YES;
				BUNDLE_LOADER = "$(TEST_HOST)";
				CODE_SIGN_STYLE = Automatic;
				CURRENT_PROJECT_VERSION = 1;
				DEVELOPMENT_TEAM = 589VP9G8J8;
				GENERATE_INFOPLIST_FILE = YES;
				IPHONEOS_DEPLOYMENT_TARGET = 16.2;
				MARKETING_VERSION = 1.0;
				PRODUCT_BUNDLE_IDENTIFIER = "com.product-creation-services.testingthegithubTests";
				PRODUCT_NAME = "$(TARGET_NAME)";
				SWIFT_EMIT_LOC_STRINGS = NO;
				SWIFT_VERSION = 5.0;
				TARGETED_DEVICE_FAMILY = "1,2";
				TEST_HOST = "$(BUILT_PRODUCTS_DIR)/testingthegithub.app/$(BUNDLE_EXECUTABLE_FOLDER_PATH)/testingthegithub";
			};
			name = Debug;
		};
		56B3CDE929A0C90400CDCCB7 /* Release */ = {
			isa = XCBuildConfiguration;
			buildSettings = {
				ALWAYS_EMBED_SWIFT_STANDARD_LIBRARIES = YES;
				BUNDLE_LOADER = "$(TEST_HOST)";
				CODE_SIGN_STYLE = Automatic;
				CURRENT_PROJECT_VERSION = 1;
				DEVELOPMENT_TEAM = 589VP9G8J8;
				GENERATE_INFOPLIST_FILE = YES;
				IPHONEOS_DEPLOYMENT_TARGET = 16.2;
				MARKETING_VERSION = 1.0;
				PRODUCT_BUNDLE_IDENTIFIER = "com.product-creation-services.testingthegithubTests";
				PRODUCT_NAME = "$(TARGET_NAME)";
				SWIFT_EMIT_LOC_STRINGS = NO;
				SWIFT_VERSION = 5.0;
				TARGETED_DEVICE_FAMILY = "1,2";
				TEST_HOST = "$(BUILT_PRODUCTS_DIR)/testingthegithub.app/$(BUNDLE_EXECUTABLE_FOLDER_PATH)/testingthegithub";
			};
			name = Release;
		};
		56B3CDEB29A0C90400CDCCB7 /* Debug */ = {
			isa = XCBuildConfiguration;
			buildSettings = {
				ALWAYS_EMBED_SWIFT_STANDARD_LIBRARIES = YES;
				CODE_SIGN_STYLE = Automatic;
				CURRENT_PROJECT_VERSION = 1;
				DEVELOPMENT_TEAM = 589VP9G8J8;
				GENERATE_INFOPLIST_FILE = YES;
				MARKETING_VERSION = 1.0;
				PRODUCT_BUNDLE_IDENTIFIER = "com.product-creation-services.testingthegithubUITests";
				PRODUCT_NAME = "$(TARGET_NAME)";
				SWIFT_EMIT_LOC_STRINGS = NO;
				SWIFT_VERSION = 5.0;
				TARGETED_DEVICE_FAMILY = "1,2";
				TEST_TARGET_NAME = testingthegithub;
			};
			name = Debug;
		};
		56B3CDEC29A0C90400CDCCB7 /* Release */ = {
			isa = XCBuildConfiguration;
			buildSettings = {
				ALWAYS_EMBED_SWIFT_STANDARD_LIBRARIES = YES;
				CODE_SIGN_STYLE = Automatic;
				CURRENT_PROJECT_VERSION = 1;
				DEVELOPMENT_TEAM = 589VP9G8J8;
				GENERATE_INFOPLIST_FILE = YES;
				MARKETING_VERSION = 1.0;
				PRODUCT_BUNDLE_IDENTIFIER = "com.product-creation-services.testingthegithubUITests";
				PRODUCT_NAME = "$(TARGET_NAME)";
				SWIFT_EMIT_LOC_STRINGS = NO;
				SWIFT_VERSION = 5.0;
				TARGETED_DEVICE_FAMILY = "1,2";
				TEST_TARGET_NAME = testingthegithub;
			};
			name = Release;
		};
/* End XCBuildConfiguration section */

/* Begin XCConfigurationList section */
		56B3CDBB29A0C90300CDCCB7 /* Build configuration list for PBXProject "testingthegithub" */ = {
			isa = XCConfigurationList;
			buildConfigurations = (
				56B3CDE229A0C90400CDCCB7 /* Debug */,
				56B3CDE329A0C90400CDCCB7 /* Release */,
			);
			defaultConfigurationIsVisible = 0;
			defaultConfigurationName = Release;
		};
		56B3CDE429A0C90400CDCCB7 /* Build configuration list for PBXNativeTarget "testingthegithub" */ = {
			isa = XCConfigurationList;
			buildConfigurations = (
				56B3CDE529A0C90400CDCCB7 /* Debug */,
				56B3CDE629A0C90400CDCCB7 /* Release */,
			);
			defaultConfigurationIsVisible = 0;
			defaultConfigurationName = Release;
		};
		56B3CDE729A0C90400CDCCB7 /* Build configuration list for PBXNativeTarget "testingthegithubTests" */ = {
			isa = XCConfigurationList;
			buildConfigurations = (
				56B3CDE829A0C90400CDCCB7 /* Debug */,
				56B3CDE929A0C90400CDCCB7 /* Release */,
			);
			defaultConfigurationIsVisible = 0;
			defaultConfigurationName = Release;
		};
		56B3CDEA29A0C90400CDCCB7 /* Build configuration list for PBXNativeTarget "testingthegithubUITests" */ = {
			isa = XCConfigurationList;
			buildConfigurations = (
				56B3CDEB29A0C90400CDCCB7 /* Debug */,
				56B3CDEC29A0C90400CDCCB7 /* Release */,
			);
			defaultConfigurationIsVisible = 0;
			defaultConfigurationName = Release;
		};
/* End XCConfigurationList section */
	};
	rootObject = 56B3CDB829A0C90300CDCCB7 /* Project object */;
}
